// !$*UTF8*$!
{
	archiveVersion = 1;
	classes = {
	};
	objectVersion = 56;
	objects = {

/* Begin PBXBuildFile section */
		EE7C68502C9927DE00A4AC40 /* MVVm_todolistApp.swift in Sources */ = {isa = PBXBuildFile; fileRef = EE7C684F2C9927DE00A4AC40 /* MVVm_todolistApp.swift */; };
		EE7C68522C9927DE00A4AC40 /* ContentView.swift in Sources */ = {isa = PBXBuildFile; fileRef = EE7C68512C9927DE00A4AC40 /* ContentView.swift */; };
		EE7C68542C9927E000A4AC40 /* Assets.xcassets in Resources */ = {isa = PBXBuildFile; fileRef = EE7C68532C9927E000A4AC40 /* Assets.xcassets */; };
		EE7C68572C9927E000A4AC40 /* Preview Assets.xcassets in Resources */ = {isa = PBXBuildFile; fileRef = EE7C68562C9927E000A4AC40 /* Preview Assets.xcassets */; };
		EE7C68592C9927E000A4AC40 /* Persistence.swift in Sources */ = {isa = PBXBuildFile; fileRef = EE7C68582C9927E000A4AC40 /* Persistence.swift */; };
		EE7C685C2C9927E000A4AC40 /* MVVm_todolist.xcdatamodeld in Sources */ = {isa = PBXBuildFile; fileRef = EE7C685A2C9927E000A4AC40 /* MVVm_todolist.xcdatamodeld */; };
		EE7C68682C9927E000A4AC40 /* MVVm_todolistTests.swift in Sources */ = {isa = PBXBuildFile; fileRef = EE7C68672C9927E000A4AC40 /* MVVm_todolistTests.swift */; };
		EE7C68722C9927E000A4AC40 /* MVVm_todolistUITests.swift in Sources */ = {isa = PBXBuildFile; fileRef = EE7C68712C9927E000A4AC40 /* MVVm_todolistUITests.swift */; };
		EE7C68742C9927E000A4AC40 /* MVVm_todolistUITestsLaunchTests.swift in Sources */ = {isa = PBXBuildFile; fileRef = EE7C68732C9927E000A4AC40 /* MVVm_todolistUITestsLaunchTests.swift */; };
/* End PBXBuildFile section */

/* Begin PBXContainerItemProxy section */
		EE7C68642C9927E000A4AC40 /* PBXContainerItemProxy */ = {
			isa = PBXContainerItemProxy;
			containerPortal = EE7C68442C9927DE00A4AC40 /* Project object */;
			proxyType = 1;
			remoteGlobalIDString = EE7C684B2C9927DE00A4AC40;
			remoteInfo = MVVm_todolist;
		};
		EE7C686E2C9927E000A4AC40 /* PBXContainerItemProxy */ = {
			isa = PBXContainerItemProxy;
			containerPortal = EE7C68442C9927DE00A4AC40 /* Project object */;
			proxyType = 1;
			remoteGlobalIDString = EE7C684B2C9927DE00A4AC40;
			remoteInfo = MVVm_todolist;
		};
/* End PBXContainerItemProxy section */

/* Begin PBXFileReference section */
		EE7C684C2C9927DE00A4AC40 /* MVVm_todolist.app */ = {isa = PBXFileReference; explicitFileType = wrapper.application; includeInIndex = 0; path = MVVm_todolist.app; sourceTree = BUILT_PRODUCTS_DIR; };
		EE7C684F2C9927DE00A4AC40 /* MVVm_todolistApp.swift */ = {isa = PBXFileReference; lastKnownFileType = sourcecode.swift; path = MVVm_todolistApp.swift; sourceTree = "<group>"; };
		EE7C68512C9927DE00A4AC40 /* ContentView.swift */ = {isa = PBXFileReference; lastKnownFileType = sourcecode.swift; path = ContentView.swift; sourceTree = "<group>"; };
		EE7C68532C9927E000A4AC40 /* Assets.xcassets */ = {isa = PBXFileReference; lastKnownFileType = folder.assetcatalog; path = Assets.xcassets; sourceTree = "<group>"; };
		EE7C68562C9927E000A4AC40 /* Preview Assets.xcassets */ = {isa = PBXFileReference; lastKnownFileType = folder.assetcatalog; path = "Preview Assets.xcassets"; sourceTree = "<group>"; };
		EE7C68582C9927E000A4AC40 /* Persistence.swift */ = {isa = PBXFileReference; lastKnownFileType = sourcecode.swift; path = Persistence.swift; sourceTree = "<group>"; };
		EE7C685B2C9927E000A4AC40 /* MVVm_todolist.xcdatamodel */ = {isa = PBXFileReference; lastKnownFileType = wrapper.xcdatamodel; path = MVVm_todolist.xcdatamodel; sourceTree = "<group>"; };
		EE7C685D2C9927E000A4AC40 /* MVVm_todolist.entitlements */ = {isa = PBXFileReference; lastKnownFileType = text.plist.entitlements; path = MVVm_todolist.entitlements; sourceTree = "<group>"; };
		EE7C685E2C9927E000A4AC40 /* Info.plist */ = {isa = PBXFileReference; lastKnownFileType = text.plist.xml; path = Info.plist; sourceTree = "<group>"; };
		EE7C68632C9927E000A4AC40 /* MVVm_todolistTests.xctest */ = {isa = PBXFileReference; explicitFileType = wrapper.cfbundle; includeInIndex = 0; path = MVVm_todolistTests.xctest; sourceTree = BUILT_PRODUCTS_DIR; };
		EE7C68672C9927E000A4AC40 /* MVVm_todolistTests.swift */ = {isa = PBXFileReference; lastKnownFileType = sourcecode.swift; path = MVVm_todolistTests.swift; sourceTree = "<group>"; };
		EE7C686D2C9927E000A4AC40 /* MVVm_todolistUITests.xctest */ = {isa = PBXFileReference; explicitFileType = wrapper.cfbundle; includeInIndex = 0; path = MVVm_todolistUITests.xctest; sourceTree = BUILT_PRODUCTS_DIR; };
		EE7C68712C9927E000A4AC40 /* MVVm_todolistUITests.swift */ = {isa = PBXFileReference; lastKnownFileType = sourcecode.swift; path = MVVm_todolistUITests.swift; sourceTree = "<group>"; };
		EE7C68732C9927E000A4AC40 /* MVVm_todolistUITestsLaunchTests.swift */ = {isa = PBXFileReference; lastKnownFileType = sourcecode.swift; path = MVVm_todolistUITestsLaunchTests.swift; sourceTree = "<group>"; };
/* End PBXFileReference section */

/* Begin PBXFrameworksBuildPhase section */
		EE7C68492C9927DE00A4AC40 /* Frameworks */ = {
			isa = PBXFrameworksBuildPhase;
			buildActionMask = 2147483647;
			files = (
			);
			runOnlyForDeploymentPostprocessing = 0;
		};
		EE7C68602C9927E000A4AC40 /* Frameworks */ = {
			isa = PBXFrameworksBuildPhase;
			buildActionMask = 2147483647;
			files = (
			);
			runOnlyForDeploymentPostprocessing = 0;
		};
		EE7C686A2C9927E000A4AC40 /* Frameworks */ = {
			isa = PBXFrameworksBuildPhase;
			buildActionMask = 2147483647;
			files = (
			);
			runOnlyForDeploymentPostprocessing = 0;
		};
/* End PBXFrameworksBuildPhase section */

/* Begin PBXGroup section */
		EE7C68432C9927DE00A4AC40 = {
			isa = PBXGroup;
			children = (
				EE7C684E2C9927DE00A4AC40 /* MVVm_todolist */,
				EE7C68662C9927E000A4AC40 /* MVVm_todolistTests */,
				EE7C68702C9927E000A4AC40 /* MVVm_todolistUITests */,
				EE7C684D2C9927DE00A4AC40 /* Products */,
			);
			sourceTree = "<group>";
		};
		EE7C684D2C9927DE00A4AC40 /* Products */ = {
			isa = PBXGroup;
			children = (
				EE7C684C2C9927DE00A4AC40 /* MVVm_todolist.app */,
				EE7C68632C9927E000A4AC40 /* MVVm_todolistTests.xctest */,
				EE7C686D2C9927E000A4AC40 /* MVVm_todolistUITests.xctest */,
			);
			name = Products;
			sourceTree = "<group>";
		};
		EE7C684E2C9927DE00A4AC40 /* MVVm_todolist */ = {
			isa = PBXGroup;
			children = (
				EE7C684F2C9927DE00A4AC40 /* MVVm_todolistApp.swift */,
				EE7C68512C9927DE00A4AC40 /* ContentView.swift */,
				EE7C68532C9927E000A4AC40 /* Assets.xcassets */,
				EE7C68582C9927E000A4AC40 /* Persistence.swift */,
				EE7C685D2C9927E000A4AC40 /* MVVm_todolist.entitlements */,
				EE7C685E2C9927E000A4AC40 /* Info.plist */,
				EE7C685A2C9927E000A4AC40 /* MVVm_todolist.xcdatamodeld */,
				EE7C68552C9927E000A4AC40 /* Preview Content */,
			);
			path = MVVm_todolist;
			sourceTree = "<group>";
		};
		EE7C68552C9927E000A4AC40 /* Preview Content */ = {
			isa = PBXGroup;
			children = (
				EE7C68562C9927E000A4AC40 /* Preview Assets.xcassets */,
			);
			path = "Preview Content";
			sourceTree = "<group>";
		};
		EE7C68662C9927E000A4AC40 /* MVVm_todolistTests */ = {
			isa = PBXGroup;
			children = (
				EE7C68672C9927E000A4AC40 /* MVVm_todolistTests.swift */,
			);
			path = MVVm_todolistTests;
			sourceTree = "<group>";
		};
		EE7C68702C9927E000A4AC40 /* MVVm_todolistUITests */ = {
			isa = PBXGroup;
			children = (
				EE7C68712C9927E000A4AC40 /* MVVm_todolistUITests.swift */,
				EE7C68732C9927E000A4AC40 /* MVVm_todolistUITestsLaunchTests.swift */,
			);
			path = MVVm_todolistUITests;
			sourceTree = "<group>";
		};
/* End PBXGroup section */

/* Begin PBXNativeTarget section */
		EE7C684B2C9927DE00A4AC40 /* MVVm_todolist */ = {
			isa = PBXNativeTarget;
			buildConfigurationList = EE7C68772C9927E000A4AC40 /* Build configuration list for PBXNativeTarget "MVVm_todolist" */;
			buildPhases = (
				EE7C68482C9927DE00A4AC40 /* Sources */,
				EE7C68492C9927DE00A4AC40 /* Frameworks */,
				EE7C684A2C9927DE00A4AC40 /* Resources */,
			);
			buildRules = (
			);
			dependencies = (
			);
			name = MVVm_todolist;
			productName = MVVm_todolist;
			productReference = EE7C684C2C9927DE00A4AC40 /* MVVm_todolist.app */;
			productType = "com.apple.product-type.application";
		};
		EE7C68622C9927E000A4AC40 /* MVVm_todolistTests */ = {
			isa = PBXNativeTarget;
			buildConfigurationList = EE7C687A2C9927E000A4AC40 /* Build configuration list for PBXNativeTarget "MVVm_todolistTests" */;
			buildPhases = (
				EE7C685F2C9927E000A4AC40 /* Sources */,
				EE7C68602C9927E000A4AC40 /* Frameworks */,
				EE7C68612C9927E000A4AC40 /* Resources */,
			);
			buildRules = (
			);
			dependencies = (
				EE7C68652C9927E000A4AC40 /* PBXTargetDependency */,
			);
			name = MVVm_todolistTests;
			productName = MVVm_todolistTests;
			productReference = EE7C68632C9927E000A4AC40 /* MVVm_todolistTests.xctest */;
			productType = "com.apple.product-type.bundle.unit-test";
		};
		EE7C686C2C9927E000A4AC40 /* MVVm_todolistUITests */ = {
			isa = PBXNativeTarget;
			buildConfigurationList = EE7C687D2C9927E000A4AC40 /* Build configuration list for PBXNativeTarget "MVVm_todolistUITests" */;
			buildPhases = (
				EE7C68692C9927E000A4AC40 /* Sources */,
				EE7C686A2C9927E000A4AC40 /* Frameworks */,
				EE7C686B2C9927E000A4AC40 /* Resources */,
			);
			buildRules = (
			);
			dependencies = (
				EE7C686F2C9927E000A4AC40 /* PBXTargetDependency */,
			);
			name = MVVm_todolistUITests;
			productName = MVVm_todolistUITests;
			productReference = EE7C686D2C9927E000A4AC40 /* MVVm_todolistUITests.xctest */;
			productType = "com.apple.product-type.bundle.ui-testing";
		};
/* End PBXNativeTarget section */

/* Begin PBXProject section */
		EE7C68442C9927DE00A4AC40 /* Project object */ = {
			isa = PBXProject;
			attributes = {
				BuildIndependentTargetsInParallel = 1;
				LastSwiftUpdateCheck = 1500;
				LastUpgradeCheck = 1500;
				TargetAttributes = {
					EE7C684B2C9927DE00A4AC40 = {
						CreatedOnToolsVersion = 15.0.1;
					};
					EE7C68622C9927E000A4AC40 = {
						CreatedOnToolsVersion = 15.0.1;
						TestTargetID = EE7C684B2C9927DE00A4AC40;
					};
					EE7C686C2C9927E000A4AC40 = {
						CreatedOnToolsVersion = 15.0.1;
						TestTargetID = EE7C684B2C9927DE00A4AC40;
					};
				};
			};
			buildConfigurationList = EE7C68472C9927DE00A4AC40 /* Build configuration list for PBXProject "MVVm_todolist" */;
			compatibilityVersion = "Xcode 14.0";
			developmentRegion = en;
			hasScannedForEncodings = 0;
			knownRegions = (
				en,
				Base,
			);
			mainGroup = EE7C68432C9927DE00A4AC40;
			productRefGroup = EE7C684D2C9927DE00A4AC40 /* Products */;
			projectDirPath = "";
			projectRoot = "";
			targets = (
				EE7C684B2C9927DE00A4AC40 /* MVVm_todolist */,
				EE7C68622C9927E000A4AC40 /* MVVm_todolistTests */,
				EE7C686C2C9927E000A4AC40 /* MVVm_todolistUITests */,
			);
		};
/* End PBXProject section */

/* Begin PBXResourcesBuildPhase section */
		EE7C684A2C9927DE00A4AC40 /* Resources */ = {
			isa = PBXResourcesBuildPhase;
			buildActionMask = 2147483647;
			files = (
				EE7C68572C9927E000A4AC40 /* Preview Assets.xcassets in Resources */,
				EE7C68542C9927E000A4AC40 /* Assets.xcassets in Resources */,
			);
			runOnlyForDeploymentPostprocessing = 0;
		};
		EE7C68612C9927E000A4AC40 /* Resources */ = {
			isa = PBXResourcesBuildPhase;
			buildActionMask = 2147483647;
			files = (
			);
			runOnlyForDeploymentPostprocessing = 0;
		};
		EE7C686B2C9927E000A4AC40 /* Resources */ = {
			isa = PBXResourcesBuildPhase;
			buildActionMask = 2147483647;
			files = (
			);
			runOnlyForDeploymentPostprocessing = 0;
		};
/* End PBXResourcesBuildPhase section */

/* Begin PBXSourcesBuildPhase section */
		EE7C68482C9927DE00A4AC40 /* Sources */ = {
			isa = PBXSourcesBuildPhase;
			buildActionMask = 2147483647;
			files = (
				EE7C68592C9927E000A4AC40 /* Persistence.swift in Sources */,
				EE7C685C2C9927E000A4AC40 /* MVVm_todolist.xcdatamodeld in Sources */,
				EE7C68522C9927DE00A4AC40 /* ContentView.swift in Sources */,
				EE7C68502C9927DE00A4AC40 /* MVVm_todolistApp.swift in Sources */,
			);
			runOnlyForDeploymentPostprocessing = 0;
		};
		EE7C685F2C9927E000A4AC40 /* Sources */ = {
			isa = PBXSourcesBuildPhase;
			buildActionMask = 2147483647;
			files = (
				EE7C68682C9927E000A4AC40 /* MVVm_todolistTests.swift in Sources */,
			);
			runOnlyForDeploymentPostprocessing = 0;
		};
		EE7C68692C9927E000A4AC40 /* Sources */ = {
			isa = PBXSourcesBuildPhase;
			buildActionMask = 2147483647;
			files = (
				EE7C68742C9927E000A4AC40 /* MVVm_todolistUITestsLaunchTests.swift in Sources */,
				EE7C68722C9927E000A4AC40 /* MVVm_todolistUITests.swift in Sources */,
			);
			runOnlyForDeploymentPostprocessing = 0;
		};
/* End PBXSourcesBuildPhase section */

/* Begin PBXTargetDependency section */
		EE7C68652C9927E000A4AC40 /* PBXTargetDependency */ = {
			isa = PBXTargetDependency;
			target = EE7C684B2C9927DE00A4AC40 /* MVVm_todolist */;
			targetProxy = EE7C68642C9927E000A4AC40 /* PBXContainerItemProxy */;
		};
		EE7C686F2C9927E000A4AC40 /* PBXTargetDependency */ = {
			isa = PBXTargetDependency;
			target = EE7C684B2C9927DE00A4AC40 /* MVVm_todolist */;
			targetProxy = EE7C686E2C9927E000A4AC40 /* PBXContainerItemProxy */;
		};
/* End PBXTargetDependency section */

/* Begin XCBuildConfiguration section */
		EE7C68752C9927E000A4AC40 /* Debug */ = {
			isa = XCBuildConfiguration;
			buildSettings = {
				ALWAYS_SEARCH_USER_PATHS = NO;
				ASSETCATALOG_COMPILER_GENERATE_SWIFT_ASSET_SYMBOL_EXTENSIONS = YES;
				CLANG_ANALYZER_NONNULL = YES;
				CLANG_ANALYZER_NUMBER_OBJECT_CONVERSION = YES_AGGRESSIVE;
				CLANG_CXX_LANGUAGE_STANDARD = "gnu++20";
				CLANG_ENABLE_MODULES = YES;
				CLANG_ENABLE_OBJC_ARC = YES;
				CLANG_ENABLE_OBJC_WEAK = YES;
				CLANG_WARN_BLOCK_CAPTURE_AUTORELEASING = YES;
				CLANG_WARN_BOOL_CONVERSION = YES;
				CLANG_WARN_COMMA = YES;
				CLANG_WARN_CONSTANT_CONVERSION = YES;
				CLANG_WARN_DEPRECATED_OBJC_IMPLEMENTATIONS = YES;
				CLANG_WARN_DIRECT_OBJC_ISA_USAGE = YES_ERROR;
				CLANG_WARN_DOCUMENTATION_COMMENTS = YES;
				CLANG_WARN_EMPTY_BODY = YES;
				CLANG_WARN_ENUM_CONVERSION = YES;
				CLANG_WARN_INFINITE_RECURSION = YES;
				CLANG_WARN_INT_CONVERSION = YES;
				CLANG_WARN_NON_LITERAL_NULL_CONVERSION = YES;
				CLANG_WARN_OBJC_IMPLICIT_RETAIN_SELF = YES;
				CLANG_WARN_OBJC_LITERAL_CONVERSION = YES;
				CLANG_WARN_OBJC_ROOT_CLASS = YES_ERROR;
				CLANG_WARN_QUOTED_INCLUDE_IN_FRAMEWORK_HEADER = YES;
				CLANG_WARN_RANGE_LOOP_ANALYSIS = YES;
				CLANG_WARN_STRICT_PROTOTYPES = YES;
				CLANG_WARN_SUSPICIOUS_MOVE = YES;
				CLANG_WARN_UNGUARDED_AVAILABILITY = YES_AGGRESSIVE;
				CLANG_WARN_UNREACHABLE_CODE = YES;
				CLANG_WARN__DUPLICATE_METHOD_MATCH = YES;
				COPY_PHASE_STRIP = NO;
				DEBUG_INFORMATION_FORMAT = dwarf;
				ENABLE_STRICT_OBJC_MSGSEND = YES;
				ENABLE_TESTABILITY = YES;
				ENABLE_USER_SCRIPT_SANDBOXING = YES;
				GCC_C_LANGUAGE_STANDARD = gnu17;
				GCC_DYNAMIC_NO_PIC = NO;
				GCC_NO_COMMON_BLOCKS = YES;
				GCC_OPTIMIZATION_LEVEL = 0;
				GCC_PREPROCESSOR_DEFINITIONS = (
					"DEBUG=1",
					"$(inherited)",
				);
				GCC_WARN_64_TO_32_BIT_CONVERSION = YES;
				GCC_WARN_ABOUT_RETURN_TYPE = YES_ERROR;
				GCC_WARN_UNDECLARED_SELECTOR = YES;
				GCC_WARN_UNINITIALIZED_AUTOS = YES_AGGRESSIVE;
				GCC_WARN_UNUSED_FUNCTION = YES;
				GCC_WARN_UNUSED_VARIABLE = YES;
				IPHONEOS_DEPLOYMENT_TARGET = 17.0;
				LOCALIZATION_PREFERS_STRING_CATALOGS = YES;
				MTL_ENABLE_DEBUG_INFO = INCLUDE_SOURCE;
				MTL_FAST_MATH = YES;
				ONLY_ACTIVE_ARCH = YES;
				SDKROOT = iphoneos;
				SWIFT_ACTIVE_COMPILATION_CONDITIONS = "DEBUG $(inherited)";
				SWIFT_OPTIMIZATION_LEVEL = "-Onone";
			};
			name = Debug;
		};
		EE7C68762C9927E000A4AC40 /* Release */ = {
			isa = XCBuildConfiguration;
			buildSettings = {
				ALWAYS_SEARCH_USER_PATHS = NO;
				ASSETCATALOG_COMPILER_GENERATE_SWIFT_ASSET_SYMBOL_EXTENSIONS = YES;
				CLANG_ANALYZER_NONNULL = YES;
				CLANG_ANALYZER_NUMBER_OBJECT_CONVERSION = YES_AGGRESSIVE;
				CLANG_CXX_LANGUAGE_STANDARD = "gnu++20";
				CLANG_ENABLE_MODULES = YES;
				CLANG_ENABLE_OBJC_ARC = YES;
				CLANG_ENABLE_OBJC_WEAK = YES;
				CLANG_WARN_BLOCK_CAPTURE_AUTORELEASING = YES;
				CLANG_WARN_BOOL_CONVERSION = YES;
				CLANG_WARN_COMMA = YES;
				CLANG_WARN_CONSTANT_CONVERSION = YES;
				CLANG_WARN_DEPRECATED_OBJC_IMPLEMENTATIONS = YES;
				CLANG_WARN_DIRECT_OBJC_ISA_USAGE = YES_ERROR;
				CLANG_WARN_DOCUMENTATION_COMMENTS = YES;
				CLANG_WARN_EMPTY_BODY = YES;
				CLANG_WARN_ENUM_CONVERSION = YES;
				CLANG_WARN_INFINITE_RECURSION = YES;
				CLANG_WARN_INT_CONVERSION = YES;
				CLANG_WARN_NON_LITERAL_NULL_CONVERSION = YES;
				CLANG_WARN_OBJC_IMPLICIT_RETAIN_SELF = YES;
				CLANG_WARN_OBJC_LITERAL_CONVERSION = YES;
				CLANG_WARN_OBJC_ROOT_CLASS = YES_ERROR;
				CLANG_WARN_QUOTED_INCLUDE_IN_FRAMEWORK_HEADER = YES;
				CLANG_WARN_RANGE_LOOP_ANALYSIS = YES;
				CLANG_WARN_STRICT_PROTOTYPES = YES;
				CLANG_WARN_SUSPICIOUS_MOVE = YES;
				CLANG_WARN_UNGUARDED_AVAILABILITY = YES_AGGRESSIVE;
				CLANG_WARN_UNREACHABLE_CODE = YES;
				CLANG_WARN__DUPLICATE_METHOD_MATCH = YES;
				COPY_PHASE_STRIP = NO;
				DEBUG_INFORMATION_FORMAT = "dwarf-with-dsym";
				ENABLE_NS_ASSERTIONS = NO;
				ENABLE_STRICT_OBJC_MSGSEND = YES;
				ENABLE_USER_SCRIPT_SANDBOXING = YES;
				GCC_C_LANGUAGE_STANDARD = gnu17;
				GCC_NO_COMMON_BLOCKS = YES;
				GCC_WARN_64_TO_32_BIT_CONVERSION = YES;
				GCC_WARN_ABOUT_RETURN_TYPE = YES_ERROR;
				GCC_WARN_UNDECLARED_SELECTOR = YES;
				GCC_WARN_UNINITIALIZED_AUTOS = YES_AGGRESSIVE;
				GCC_WARN_UNUSED_FUNCTION = YES;
				GCC_WARN_UNUSED_VARIABLE = YES;
				IPHONEOS_DEPLOYMENT_TARGET = 17.0;
				LOCALIZATION_PREFERS_STRING_CATALOGS = YES;
				MTL_ENABLE_DEBUG_INFO = NO;
				MTL_FAST_MATH = YES;
				SDKROOT = iphoneos;
				SWIFT_COMPILATION_MODE = wholemodule;
				VALIDATE_PRODUCT = YES;
			};
			name = Release;
		};
		EE7C68782C9927E000A4AC40 /* Debug */ = {
			isa = XCBuildConfiguration;
			buildSettings = {
				ASSETCATALOG_COMPILER_APPICON_NAME = AppIcon;
				ASSETCATALOG_COMPILER_GLOBAL_ACCENT_COLOR_NAME = AccentColor;
				CODE_SIGN_ENTITLEMENTS = MVVm_todolist/MVVm_todolist.entitlements;
				CODE_SIGN_STYLE = Automatic;
				CURRENT_PROJECT_VERSION = 1;
				DEVELOPMENT_ASSET_PATHS = "\"MVVm_todolist/Preview Content\"";
				DEVELOPMENT_TEAM = 4ML5W4UA7P;
				ENABLE_PREVIEWS = YES;
				GENERATE_INFOPLIST_FILE = YES;
				INFOPLIST_FILE = MVVm_todolist/Info.plist;
				INFOPLIST_KEY_UIApplicationSceneManifest_Generation = YES;
				INFOPLIST_KEY_UIApplicationSupportsIndirectInputEvents = YES;
				INFOPLIST_KEY_UILaunchScreen_Generation = YES;
				INFOPLIST_KEY_UISupportedInterfaceOrientations_iPad = "UIInterfaceOrientationPortrait UIInterfaceOrientationPortraitUpsideDown UIInterfaceOrientationLandscapeLeft UIInterfaceOrientationLandscapeRight";
				INFOPLIST_KEY_UISupportedInterfaceOrientations_iPhone = "UIInterfaceOrientationPortrait UIInterfaceOrientationLandscapeLeft UIInterfaceOrientationLandscapeRight";
				LD_RUNPATH_SEARCH_PATHS = (
					"$(inherited)",
					"@executable_path/Frameworks",
				);
				MARKETING_VERSION = 1.0;
				PRODUCT_BUNDLE_IDENTIFIER = "h.MVVm-todolist";
				PRODUCT_NAME = "$(TARGET_NAME)";
				SWIFT_EMIT_LOC_STRINGS = YES;
				SWIFT_VERSION = 5.0;
				TARGETED_DEVICE_FAMILY = "1,2";
			};
			name = Debug;
		};
		EE7C68792C9927E000A4AC40 /* Release */ = {
			isa = XCBuildConfiguration;
			buildSettings = {
				ASSETCATALOG_COMPILER_APPICON_NAME = AppIcon;
				ASSETCATALOG_COMPILER_GLOBAL_ACCENT_COLOR_NAME = AccentColor;
				CODE_SIGN_ENTITLEMENTS = MVVm_todolist/MVVm_todolist.entitlements;
				CODE_SIGN_STYLE = Automatic;
				CURRENT_PROJECT_VERSION = 1;
				DEVELOPMENT_ASSET_PATHS = "\"MVVm_todolist/Preview Content\"";
				DEVELOPMENT_TEAM = 4ML5W4UA7P;
				ENABLE_PREVIEWS = YES;
				GENERATE_INFOPLIST_FILE = YES;
				INFOPLIST_FILE = MVVm_todolist/Info.plist;
				INFOPLIST_KEY_UIApplicationSceneManifest_Generation = YES;
				INFOPLIST_KEY_UIApplicationSupportsIndirectInputEvents = YES;
				INFOPLIST_KEY_UILaunchScreen_Generation = YES;
				INFOPLIST_KEY_UISupportedInterfaceOrientations_iPad = "UIInterfaceOrientationPortrait UIInterfaceOrientationPortraitUpsideDown UIInterfaceOrientationLandscapeLeft UIInterfaceOrientationLandscapeRight";
				INFOPLIST_KEY_UISupportedInterfaceOrientations_iPhone = "UIInterfaceOrientationPortrait UIInterfaceOrientationLandscapeLeft UIInterfaceOrientationLandscapeRight";
				LD_RUNPATH_SEARCH_PATHS = (
					"$(inherited)",
					"@executable_path/Frameworks",
				);
				MARKETING_VERSION = 1.0;
				PRODUCT_BUNDLE_IDENTIFIER = "h.MVVm-todolist";
				PRODUCT_NAME = "$(TARGET_NAME)";
				SWIFT_EMIT_LOC_STRINGS = YES;
				SWIFT_VERSION = 5.0;
				TARGETED_DEVICE_FAMILY = "1,2";
			};
			name = Release;
		};
		EE7C687B2C9927E000A4AC40 /* Debug */ = {
			isa = XCBuildConfiguration;
			buildSettings = {
				ALWAYS_EMBED_SWIFT_STANDARD_LIBRARIES = YES;
				BUNDLE_LOADER = "$(TEST_HOST)";
				CODE_SIGN_STYLE = Automatic;
				CURRENT_PROJECT_VERSION = 1;
				DEVELOPMENT_TEAM = 4ML5W4UA7P;
				GENERATE_INFOPLIST_FILE = YES;
				IPHONEOS_DEPLOYMENT_TARGET = 17.0;
				MARKETING_VERSION = 1.0;
				PRODUCT_BUNDLE_IDENTIFIER = "h.MVVm-todolistTests";
				PRODUCT_NAME = "$(TARGET_NAME)";
				SWIFT_EMIT_LOC_STRINGS = NO;
				SWIFT_VERSION = 5.0;
				TARGETED_DEVICE_FAMILY = "1,2";
				TEST_HOST = "$(BUILT_PRODUCTS_DIR)/MVVm_todolist.app/$(BUNDLE_EXECUTABLE_FOLDER_PATH)/MVVm_todolist";
			};
			name = Debug;
		};
		EE7C687C2C9927E000A4AC40 /* Release */ = {
			isa = XCBuildConfiguration;
			buildSettings = {
				ALWAYS_EMBED_SWIFT_STANDARD_LIBRARIES = YES;
				BUNDLE_LOADER = "$(TEST_HOST)";
				CODE_SIGN_STYLE = Automatic;
				CURRENT_PROJECT_VERSION = 1;
				DEVELOPMENT_TEAM = 4ML5W4UA7P;
				GENERATE_INFOPLIST_FILE = YES;
				IPHONEOS_DEPLOYMENT_TARGET = 17.0;
				MARKETING_VERSION = 1.0;
				PRODUCT_BUNDLE_IDENTIFIER = "h.MVVm-todolistTests";
				PRODUCT_NAME = "$(TARGET_NAME)";
				SWIFT_EMIT_LOC_STRINGS = NO;
				SWIFT_VERSION = 5.0;
				TARGETED_DEVICE_FAMILY = "1,2";
				TEST_HOST = "$(BUILT_PRODUCTS_DIR)/MVVm_todolist.app/$(BUNDLE_EXECUTABLE_FOLDER_PATH)/MVVm_todolist";
			};
			name = Release;
		};
		EE7C687E2C9927E000A4AC40 /* Debug */ = {
			isa = XCBuildConfiguration;
			buildSettings = {
				ALWAYS_EMBED_SWIFT_STANDARD_LIBRARIES = YES;
				CODE_SIGN_STYLE = Automatic;
				CURRENT_PROJECT_VERSION = 1;
				DEVELOPMENT_TEAM = 4ML5W4UA7P;
				GENERATE_INFOPLIST_FILE = YES;
				MARKETING_VERSION = 1.0;
				PRODUCT_BUNDLE_IDENTIFIER = "h.MVVm-todolistUITests";
				PRODUCT_NAME = "$(TARGET_NAME)";
				SWIFT_EMIT_LOC_STRINGS = NO;
				SWIFT_VERSION = 5.0;
				TARGETED_DEVICE_FAMILY = "1,2";
				TEST_TARGET_NAME = MVVm_todolist;
			};
			name = Debug;
		};
		EE7C687F2C9927E000A4AC40 /* Release */ = {
			isa = XCBuildConfiguration;
			buildSettings = {
				ALWAYS_EMBED_SWIFT_STANDARD_LIBRARIES = YES;
				CODE_SIGN_STYLE = Automatic;
				CURRENT_PROJECT_VERSION = 1;
				DEVELOPMENT_TEAM = 4ML5W4UA7P;
				GENERATE_INFOPLIST_FILE = YES;
				MARKETING_VERSION = 1.0;
				PRODUCT_BUNDLE_IDENTIFIER = "h.MVVm-todolistUITests";
				PRODUCT_NAME = "$(TARGET_NAME)";
				SWIFT_EMIT_LOC_STRINGS = NO;
				SWIFT_VERSION = 5.0;
				TARGETED_DEVICE_FAMILY = "1,2";
				TEST_TARGET_NAME = MVVm_todolist;
			};
			name = Release;
		};
/* End XCBuildConfiguration section */

/* Begin XCConfigurationList section */
		EE7C68472C9927DE00A4AC40 /* Build configuration list for PBXProject "MVVm_todolist" */ = {
			isa = XCConfigurationList;
			buildConfigurations = (
				EE7C68752C9927E000A4AC40 /* Debug */,
				EE7C68762C9927E000A4AC40 /* Release */,
			);
			defaultConfigurationIsVisible = 0;
			defaultConfigurationName = Release;
		};
		EE7C68772C9927E000A4AC40 /* Build configuration list for PBXNativeTarget "MVVm_todolist" */ = {
			isa = XCConfigurationList;
			buildConfigurations = (
				EE7C68782C9927E000A4AC40 /* Debug */,
				EE7C68792C9927E000A4AC40 /* Release */,
			);
			defaultConfigurationIsVisible = 0;
			defaultConfigurationName = Release;
		};
		EE7C687A2C9927E000A4AC40 /* Build configuration list for PBXNativeTarget "MVVm_todolistTests" */ = {
			isa = XCConfigurationList;
			buildConfigurations = (
				EE7C687B2C9927E000A4AC40 /* Debug */,
				EE7C687C2C9927E000A4AC40 /* Release */,
			);
			defaultConfigurationIsVisible = 0;
			defaultConfigurationName = Release;
		};
		EE7C687D2C9927E000A4AC40 /* Build configuration list for PBXNativeTarget "MVVm_todolistUITests" */ = {
			isa = XCConfigurationList;
			buildConfigurations = (
				EE7C687E2C9927E000A4AC40 /* Debug */,
				EE7C687F2C9927E000A4AC40 /* Release */,
			);
			defaultConfigurationIsVisible = 0;
			defaultConfigurationName = Release;
		};
/* End XCConfigurationList section */

/* Begin XCVersionGroup section */
		EE7C685A2C9927E000A4AC40 /* MVVm_todolist.xcdatamodeld */ = {
			isa = XCVersionGroup;
			children = (
				EE7C685B2C9927E000A4AC40 /* MVVm_todolist.xcdatamodel */,
			);
			currentVersion = EE7C685B2C9927E000A4AC40 /* MVVm_todolist.xcdatamodel */;
			path = MVVm_todolist.xcdatamodeld;
			sourceTree = "<group>";
			versionGroupType = wrapper.xcdatamodel;
		};
/* End XCVersionGroup section */
	};
	rootObject = EE7C68442C9927DE00A4AC40 /* Project object */;
}
